
Microsoft Visual Studio Solution File, Format Version 12.00
# Visual Studio Version 16
VisualStudioVersion = 16.0.31424.327
MinimumVisualStudioVersion = 10.0.40219.1
Project("{FAE04EC0-301F-11D3-BF4B-00C04F79EFBC}") = "NumeroHabitantes", "NumeroHabitantes\NumeroHabitantes.csproj", "{5443A5A5-C6E4-4EAC-8FC5-A99CE031E934}"
EndProject
Global
	GlobalSection(SolutionConfigurationPlatforms) = preSolution
		Debug|Any CPU = Debug|Any CPU
		Release|Any CPU = Release|Any CPU
	EndGlobalSection
	GlobalSection(ProjectConfigurationPlatforms) = postSolution
		{5443A5A5-C6E4-4EAC-8FC5-A99CE031E934}.Debug|Any CPU.ActiveCfg = Debug|Any CPU
		{5443A5A5-C6E4-4EAC-8FC5-A99CE031E934}.Debug|Any CPU.Build.0 = Debug|Any CPU
		{5443A5A5-C6E4-4EAC-8FC5-A99CE031E934}.Release|Any CPU.ActiveCfg = Release|Any CPU
		{5443A5A5-C6E4-4EAC-8FC5-A99CE031E934}.Release|Any CPU.Build.0 = Release|Any CPU
	EndGlobalSection
	GlobalSection(SolutionProperties) = preSolution
		HideSolutionNode = FALSE
	EndGlobalSection
	GlobalSection(ExtensibilityGlobals) = postSolution
		SolutionGuid = {DDF46A26-FCF9-47AE-9452-9A9B012B9845}
	EndGlobalSection
EndGlobal
